
Microsoft Visual Studio Solution File, Format Version 12.00
# Visual Studio Version 16
VisualStudioVersion = 16.0.31313.79
MinimumVisualStudioVersion = 10.0.40219.1
Project("{FAE04EC0-301F-11D3-BF4B-00C04F79EFBC}") = "Prog_Lab3_Pan", "Prog_Lab3_Pan\Prog_Lab3_Pan.csproj", "{0649C9F1-3539-4D2C-B607-A7AF18B42C62}"
EndProject
Global
	GlobalSection(SolutionConfigurationPlatforms) = preSolution
		Debug|Any CPU = Debug|Any CPU
		Release|Any CPU = Release|Any CPU
	EndGlobalSection
	GlobalSection(ProjectConfigurationPlatforms) = postSolution
		{0649C9F1-3539-4D2C-B607-A7AF18B42C62}.Debug|Any CPU.ActiveCfg = Debug|Any CPU
		{0649C9F1-3539-4D2C-B607-A7AF18B42C62}.Debug|Any CPU.Build.0 = Debug|Any CPU
		{0649C9F1-3539-4D2C-B607-A7AF18B42C62}.Release|Any CPU.ActiveCfg = Release|Any CPU
		{0649C9F1-3539-4D2C-B607-A7AF18B42C62}.Release|Any CPU.Build.0 = Release|Any CPU
	EndGlobalSection
	GlobalSection(SolutionProperties) = preSolution
		HideSolutionNode = FALSE
	EndGlobalSection
	GlobalSection(ExtensibilityGlobals) = postSolution
		SolutionGuid = {A48CD14C-57CF-4624-B68B-EF2E966D06D4}
	EndGlobalSection
EndGlobal
